
Microsoft Visual Studio Solution File, Format Version 12.00
# Visual Studio Version 16
VisualStudioVersion = 16.0.30523.141
MinimumVisualStudioVersion = 10.0.40219.1
Project("{FAE04EC0-301F-11D3-BF4B-00C04F79EFBC}") = "GroupProject", "GroupProject\GroupProject.csproj", "{D399BA83-E884-4404-9588-0C918451257E}"
EndProject
Global
	GlobalSection(SolutionConfigurationPlatforms) = preSolution
		Debug|Any CPU = Debug|Any CPU
		Release|Any CPU = Release|Any CPU
	EndGlobalSection
	GlobalSection(ProjectConfigurationPlatforms) = postSolution
		{D399BA83-E884-4404-9588-0C918451257E}.Debug|Any CPU.ActiveCfg = Debug|Any CPU
		{D399BA83-E884-4404-9588-0C918451257E}.Debug|Any CPU.Build.0 = Debug|Any CPU
		{D399BA83-E884-4404-9588-0C918451257E}.Release|Any CPU.ActiveCfg = Release|Any CPU
		{D399BA83-E884-4404-9588-0C918451257E}.Release|Any CPU.Build.0 = Release|Any CPU
	EndGlobalSection
	GlobalSection(SolutionProperties) = preSolution
		HideSolutionNode = FALSE
	EndGlobalSection
	GlobalSection(ExtensibilityGlobals) = postSolution
		SolutionGuid = {300816D5-8C8E-4122-AB04-19393C21A916}
	EndGlobalSection
EndGlobal
